
Microsoft Visual Studio Solution File, Format Version 12.00
# Visual Studio Version 17
VisualStudioVersion = 17.12.35527.113 d17.12
MinimumVisualStudioVersion = 10.0.40219.1
Project("{FAE04EC0-301F-11D3-BF4B-00C04F79EFBC}") = "WebApi", "WebApi\WebApi.csproj", "{2EE70F34-C5AA-4097-9A1C-DE5373B885C0}"
	ProjectSection(ProjectDependencies) = postProject
		{0067177B-5741-4363-A479-9AA5E9948BA2} = {0067177B-5741-4363-A479-9AA5E9948BA2}
		{E2CD86EA-33B0-4AAD-AE50-88C78A41A608} = {E2CD86EA-33B0-4AAD-AE50-88C78A41A608}
	EndProjectSection
EndProject
Project("{FAE04EC0-301F-11D3-BF4B-00C04F79EFBC}") = "DAL", "DAL\DAL.csproj", "{E2CD86EA-33B0-4AAD-AE50-88C78A41A608}"
EndProject
Project("{FAE04EC0-301F-11D3-BF4B-00C04F79EFBC}") = "BLL", "BLL\BLL.csproj", "{0067177B-5741-4363-A479-9AA5E9948BA2}"
EndProject
Global
	GlobalSection(SolutionConfigurationPlatforms) = preSolution
		Debug|Any CPU = Debug|Any CPU
		Release|Any CPU = Release|Any CPU
	EndGlobalSection
	GlobalSection(ProjectConfigurationPlatforms) = postSolution
		{2EE70F34-C5AA-4097-9A1C-DE5373B885C0}.Debug|Any CPU.ActiveCfg = Debug|Any CPU
		{2EE70F34-C5AA-4097-9A1C-DE5373B885C0}.Debug|Any CPU.Build.0 = Debug|Any CPU
		{2EE70F34-C5AA-4097-9A1C-DE5373B885C0}.Release|Any CPU.ActiveCfg = Release|Any CPU
		{2EE70F34-C5AA-4097-9A1C-DE5373B885C0}.Release|Any CPU.Build.0 = Release|Any CPU
		{E2CD86EA-33B0-4AAD-AE50-88C78A41A608}.Debug|Any CPU.ActiveCfg = Debug|Any CPU
		{E2CD86EA-33B0-4AAD-AE50-88C78A41A608}.Debug|Any CPU.Build.0 = Debug|Any CPU
		{E2CD86EA-33B0-4AAD-AE50-88C78A41A608}.Release|Any CPU.ActiveCfg = Release|Any CPU
		{E2CD86EA-33B0-4AAD-AE50-88C78A41A608}.Release|Any CPU.Build.0 = Release|Any CPU
		{0067177B-5741-4363-A479-9AA5E9948BA2}.Debug|Any CPU.ActiveCfg = Debug|Any CPU
		{0067177B-5741-4363-A479-9AA5E9948BA2}.Debug|Any CPU.Build.0 = Debug|Any CPU
		{0067177B-5741-4363-A479-9AA5E9948BA2}.Release|Any CPU.ActiveCfg = Release|Any CPU
		{0067177B-5741-4363-A479-9AA5E9948BA2}.Release|Any CPU.Build.0 = Release|Any CPU
	EndGlobalSection
	GlobalSection(SolutionProperties) = preSolution
		HideSolutionNode = FALSE
	EndGlobalSection
EndGlobal
